
Microsoft Visual Studio Solution File, Format Version 12.00
# Visual Studio Version 16
VisualStudioVersion = 16.0.30711.63
MinimumVisualStudioVersion = 10.0.40219.1
Project("{FAE04EC0-301F-11D3-BF4B-00C04F79EFBC}") = "GroupTest", "GroupTest.csproj", "{3CD40E68-3610-4F1E-B569-DFEC634EC537}"
EndProject
Global
	GlobalSection(SolutionConfigurationPlatforms) = preSolution
		Debug|Any CPU = Debug|Any CPU
		Release|Any CPU = Release|Any CPU
	EndGlobalSection
	GlobalSection(ProjectConfigurationPlatforms) = postSolution
		{3CD40E68-3610-4F1E-B569-DFEC634EC537}.Debug|Any CPU.ActiveCfg = Debug|Any CPU
		{3CD40E68-3610-4F1E-B569-DFEC634EC537}.Debug|Any CPU.Build.0 = Debug|Any CPU
		{3CD40E68-3610-4F1E-B569-DFEC634EC537}.Release|Any CPU.ActiveCfg = Release|Any CPU
		{3CD40E68-3610-4F1E-B569-DFEC634EC537}.Release|Any CPU.Build.0 = Release|Any CPU
	EndGlobalSection
	GlobalSection(SolutionProperties) = preSolution
		HideSolutionNode = FALSE
	EndGlobalSection
	GlobalSection(ExtensibilityGlobals) = postSolution
		SolutionGuid = {14831C26-8860-4E3E-8B31-9E59D0C7B02F}
	EndGlobalSection
EndGlobal
